
Microsoft Visual Studio Solution File, Format Version 12.00
# Visual Studio Version 16
VisualStudioVersion = 16.0.31624.102
MinimumVisualStudioVersion = 10.0.40219.1
Project("{FAE04EC0-301F-11D3-BF4B-00C04F79EFBC}") = "project 7", "project 7\project 7.csproj", "{806D8FEE-C48D-405D-86BA-7D653BFE5595}"
EndProject
Global
	GlobalSection(SolutionConfigurationPlatforms) = preSolution
		Debug|Any CPU = Debug|Any CPU
		Release|Any CPU = Release|Any CPU
	EndGlobalSection
	GlobalSection(ProjectConfigurationPlatforms) = postSolution
		{806D8FEE-C48D-405D-86BA-7D653BFE5595}.Debug|Any CPU.ActiveCfg = Debug|Any CPU
		{806D8FEE-C48D-405D-86BA-7D653BFE5595}.Debug|Any CPU.Build.0 = Debug|Any CPU
		{806D8FEE-C48D-405D-86BA-7D653BFE5595}.Release|Any CPU.ActiveCfg = Release|Any CPU
		{806D8FEE-C48D-405D-86BA-7D653BFE5595}.Release|Any CPU.Build.0 = Release|Any CPU
	EndGlobalSection
	GlobalSection(SolutionProperties) = preSolution
		HideSolutionNode = FALSE
	EndGlobalSection
	GlobalSection(ExtensibilityGlobals) = postSolution
		SolutionGuid = {766014D0-AA58-45ED-9B9D-49F54E422B0D}
	EndGlobalSection
EndGlobal
